
Microsoft Visual Studio Solution File, Format Version 12.00
# Visual Studio Version 16
VisualStudioVersion = 16.0.28606.126
MinimumVisualStudioVersion = 10.0.40219.1
Project("{FAE04EC0-301F-11D3-BF4B-00C04F79EFBC}") = "AnonymousMethods", "AnonymousMethods\AnonymousMethods.csproj", "{8146EF49-D549-4741-8335-B524E8E483B2}"
EndProject
Global
	GlobalSection(SolutionConfigurationPlatforms) = preSolution
		Debug|Any CPU = Debug|Any CPU
		Release|Any CPU = Release|Any CPU
	EndGlobalSection
	GlobalSection(ProjectConfigurationPlatforms) = postSolution
		{8146EF49-D549-4741-8335-B524E8E483B2}.Debug|Any CPU.ActiveCfg = Debug|Any CPU
		{8146EF49-D549-4741-8335-B524E8E483B2}.Debug|Any CPU.Build.0 = Debug|Any CPU
		{8146EF49-D549-4741-8335-B524E8E483B2}.Release|Any CPU.ActiveCfg = Release|Any CPU
		{8146EF49-D549-4741-8335-B524E8E483B2}.Release|Any CPU.Build.0 = Release|Any CPU
	EndGlobalSection
	GlobalSection(SolutionProperties) = preSolution
		HideSolutionNode = FALSE
	EndGlobalSection
	GlobalSection(ExtensibilityGlobals) = postSolution
		SolutionGuid = {538D5622-6EE5-408D-95E2-5F15C169BAD9}
	EndGlobalSection
EndGlobal
