
Microsoft Visual Studio Solution File, Format Version 12.00
# Visual Studio Version 16
VisualStudioVersion = 16.0.28606.126
MinimumVisualStudioVersion = 10.0.40219.1
Project("{FAE04EC0-301F-11D3-BF4B-00C04F79EFBC}") = "armstrongnumber", "armstrongnumber\armstrongnumber.csproj", "{8B569F04-EDC1-4A13-8C29-DC99365FC626}"
EndProject
Global
	GlobalSection(SolutionConfigurationPlatforms) = preSolution
		Debug|Any CPU = Debug|Any CPU
		Release|Any CPU = Release|Any CPU
	EndGlobalSection
	GlobalSection(ProjectConfigurationPlatforms) = postSolution
		{8B569F04-EDC1-4A13-8C29-DC99365FC626}.Debug|Any CPU.ActiveCfg = Debug|Any CPU
		{8B569F04-EDC1-4A13-8C29-DC99365FC626}.Debug|Any CPU.Build.0 = Debug|Any CPU
		{8B569F04-EDC1-4A13-8C29-DC99365FC626}.Release|Any CPU.ActiveCfg = Release|Any CPU
		{8B569F04-EDC1-4A13-8C29-DC99365FC626}.Release|Any CPU.Build.0 = Release|Any CPU
	EndGlobalSection
	GlobalSection(SolutionProperties) = preSolution
		HideSolutionNode = FALSE
	EndGlobalSection
	GlobalSection(ExtensibilityGlobals) = postSolution
		SolutionGuid = {683E6577-7C7B-4616-B97B-E92B31DCDDD5}
	EndGlobalSection
EndGlobal
