
Microsoft Visual Studio Solution File, Format Version 12.00
# Visual Studio Version 16
VisualStudioVersion = 16.0.28407.52
MinimumVisualStudioVersion = 10.0.40219.1
Project("{FAE04EC0-301F-11D3-BF4B-00C04F79EFBC}") = "arrayexample", "arrayexample\arrayexample.csproj", "{E4B3EB8C-6680-4BFB-8515-F6D35AE84B18}"
EndProject
Global
	GlobalSection(SolutionConfigurationPlatforms) = preSolution
		Debug|Any CPU = Debug|Any CPU
		Release|Any CPU = Release|Any CPU
	EndGlobalSection
	GlobalSection(ProjectConfigurationPlatforms) = postSolution
		{E4B3EB8C-6680-4BFB-8515-F6D35AE84B18}.Debug|Any CPU.ActiveCfg = Debug|Any CPU
		{E4B3EB8C-6680-4BFB-8515-F6D35AE84B18}.Debug|Any CPU.Build.0 = Debug|Any CPU
		{E4B3EB8C-6680-4BFB-8515-F6D35AE84B18}.Release|Any CPU.ActiveCfg = Release|Any CPU
		{E4B3EB8C-6680-4BFB-8515-F6D35AE84B18}.Release|Any CPU.Build.0 = Release|Any CPU
	EndGlobalSection
	GlobalSection(SolutionProperties) = preSolution
		HideSolutionNode = FALSE
	EndGlobalSection
	GlobalSection(ExtensibilityGlobals) = postSolution
		SolutionGuid = {047A21BA-DF4E-4B56-94CA-AB8B7C66DD0A}
	EndGlobalSection
EndGlobal
