
Microsoft Visual Studio Solution File, Format Version 12.00
# Visual Studio Version 16
VisualStudioVersion = 16.0.28606.126
MinimumVisualStudioVersion = 10.0.40219.1
Project("{FAE04EC0-301F-11D3-BF4B-00C04F79EFBC}") = "array16", "array16\array16.csproj", "{1DF6870E-CA7B-498E-895C-A0755BAC139C}"
EndProject
Global
	GlobalSection(SolutionConfigurationPlatforms) = preSolution
		Debug|Any CPU = Debug|Any CPU
		Release|Any CPU = Release|Any CPU
	EndGlobalSection
	GlobalSection(ProjectConfigurationPlatforms) = postSolution
		{1DF6870E-CA7B-498E-895C-A0755BAC139C}.Debug|Any CPU.ActiveCfg = Debug|Any CPU
		{1DF6870E-CA7B-498E-895C-A0755BAC139C}.Debug|Any CPU.Build.0 = Debug|Any CPU
		{1DF6870E-CA7B-498E-895C-A0755BAC139C}.Release|Any CPU.ActiveCfg = Release|Any CPU
		{1DF6870E-CA7B-498E-895C-A0755BAC139C}.Release|Any CPU.Build.0 = Release|Any CPU
	EndGlobalSection
	GlobalSection(SolutionProperties) = preSolution
		HideSolutionNode = FALSE
	EndGlobalSection
	GlobalSection(ExtensibilityGlobals) = postSolution
		SolutionGuid = {8A051FB9-38C5-473E-AF65-F62932C3969F}
	EndGlobalSection
EndGlobal
