
Microsoft Visual Studio Solution File, Format Version 12.00
# Visual Studio Version 16
VisualStudioVersion = 16.0.28407.52
MinimumVisualStudioVersion = 10.0.40219.1
Project("{FAE04EC0-301F-11D3-BF4B-00C04F79EFBC}") = "arrayexample1", "arrayexample1\arrayexample1.csproj", "{08A22FFE-F848-418E-887F-1B818D1A603F}"
EndProject
Global
	GlobalSection(SolutionConfigurationPlatforms) = preSolution
		Debug|Any CPU = Debug|Any CPU
		Release|Any CPU = Release|Any CPU
	EndGlobalSection
	GlobalSection(ProjectConfigurationPlatforms) = postSolution
		{08A22FFE-F848-418E-887F-1B818D1A603F}.Debug|Any CPU.ActiveCfg = Debug|Any CPU
		{08A22FFE-F848-418E-887F-1B818D1A603F}.Debug|Any CPU.Build.0 = Debug|Any CPU
		{08A22FFE-F848-418E-887F-1B818D1A603F}.Release|Any CPU.ActiveCfg = Release|Any CPU
		{08A22FFE-F848-418E-887F-1B818D1A603F}.Release|Any CPU.Build.0 = Release|Any CPU
	EndGlobalSection
	GlobalSection(SolutionProperties) = preSolution
		HideSolutionNode = FALSE
	EndGlobalSection
	GlobalSection(ExtensibilityGlobals) = postSolution
		SolutionGuid = {7A49EB19-4A85-4540-AB7B-2EF0A1270737}
	EndGlobalSection
EndGlobal
