
Microsoft Visual Studio Solution File, Format Version 12.00
# Visual Studio Version 16
VisualStudioVersion = 16.0.28531.58
MinimumVisualStudioVersion = 10.0.40219.1
Project("{FAE04EC0-301F-11D3-BF4B-00C04F79EFBC}") = "BoxApplication", "BoxApplication\BoxApplication.csproj", "{1B7D4818-F5D3-413F-A9A4-C4D756657F0D}"
EndProject
Global
	GlobalSection(SolutionConfigurationPlatforms) = preSolution
		Debug|Any CPU = Debug|Any CPU
		Release|Any CPU = Release|Any CPU
	EndGlobalSection
	GlobalSection(ProjectConfigurationPlatforms) = postSolution
		{1B7D4818-F5D3-413F-A9A4-C4D756657F0D}.Debug|Any CPU.ActiveCfg = Debug|Any CPU
		{1B7D4818-F5D3-413F-A9A4-C4D756657F0D}.Debug|Any CPU.Build.0 = Debug|Any CPU
		{1B7D4818-F5D3-413F-A9A4-C4D756657F0D}.Release|Any CPU.ActiveCfg = Release|Any CPU
		{1B7D4818-F5D3-413F-A9A4-C4D756657F0D}.Release|Any CPU.Build.0 = Release|Any CPU
	EndGlobalSection
	GlobalSection(SolutionProperties) = preSolution
		HideSolutionNode = FALSE
	EndGlobalSection
	GlobalSection(ExtensibilityGlobals) = postSolution
		SolutionGuid = {21025363-1F93-4FDD-B5A7-E66D530B9B05}
	EndGlobalSection
EndGlobal
