
Microsoft Visual Studio Solution File, Format Version 12.00
# Visual Studio Version 16
VisualStudioVersion = 16.0.28407.52
MinimumVisualStudioVersion = 10.0.40219.1
Project("{FAE04EC0-301F-11D3-BF4B-00C04F79EFBC}") = "CalculatorApplication 1", "CalculatorApplication 1\CalculatorApplication 1.csproj", "{5C98EB07-2AEE-4FEC-A46B-C73A74830AB7}"
EndProject
Global
	GlobalSection(SolutionConfigurationPlatforms) = preSolution
		Debug|Any CPU = Debug|Any CPU
		Release|Any CPU = Release|Any CPU
	EndGlobalSection
	GlobalSection(ProjectConfigurationPlatforms) = postSolution
		{5C98EB07-2AEE-4FEC-A46B-C73A74830AB7}.Debug|Any CPU.ActiveCfg = Debug|Any CPU
		{5C98EB07-2AEE-4FEC-A46B-C73A74830AB7}.Debug|Any CPU.Build.0 = Debug|Any CPU
		{5C98EB07-2AEE-4FEC-A46B-C73A74830AB7}.Release|Any CPU.ActiveCfg = Release|Any CPU
		{5C98EB07-2AEE-4FEC-A46B-C73A74830AB7}.Release|Any CPU.Build.0 = Release|Any CPU
	EndGlobalSection
	GlobalSection(SolutionProperties) = preSolution
		HideSolutionNode = FALSE
	EndGlobalSection
	GlobalSection(ExtensibilityGlobals) = postSolution
		SolutionGuid = {EDAA36A1-2A42-44D2-91E1-2998078A8FD3}
	EndGlobalSection
EndGlobal
