
Microsoft Visual Studio Solution File, Format Version 12.00
# Visual Studio Version 16
VisualStudioVersion = 16.0.28531.58
MinimumVisualStudioVersion = 10.0.40219.1
Project("{FAE04EC0-301F-11D3-BF4B-00C04F79EFBC}") = "CollectionsApplication1", "CollectionsApplication1\CollectionsApplication1.csproj", "{191E6EE3-A35E-4F72-A706-7194CF3C8A5D}"
EndProject
Global
	GlobalSection(SolutionConfigurationPlatforms) = preSolution
		Debug|Any CPU = Debug|Any CPU
		Release|Any CPU = Release|Any CPU
	EndGlobalSection
	GlobalSection(ProjectConfigurationPlatforms) = postSolution
		{191E6EE3-A35E-4F72-A706-7194CF3C8A5D}.Debug|Any CPU.ActiveCfg = Debug|Any CPU
		{191E6EE3-A35E-4F72-A706-7194CF3C8A5D}.Debug|Any CPU.Build.0 = Debug|Any CPU
		{191E6EE3-A35E-4F72-A706-7194CF3C8A5D}.Release|Any CPU.ActiveCfg = Release|Any CPU
		{191E6EE3-A35E-4F72-A706-7194CF3C8A5D}.Release|Any CPU.Build.0 = Release|Any CPU
	EndGlobalSection
	GlobalSection(SolutionProperties) = preSolution
		HideSolutionNode = FALSE
	EndGlobalSection
	GlobalSection(ExtensibilityGlobals) = postSolution
		SolutionGuid = {6749CB7E-3EC3-4EA9-9B20-CF797776FCD2}
	EndGlobalSection
EndGlobal
