
Microsoft Visual Studio Solution File, Format Version 12.00
# Visual Studio Version 16
VisualStudioVersion = 16.0.28531.58
MinimumVisualStudioVersion = 10.0.40219.1
Project("{FAE04EC0-301F-11D3-BF4B-00C04F79EFBC}") = "CollectionsApplication4", "CollectionsApplication4\CollectionsApplication4.csproj", "{6AE55A41-E2C5-475E-9BBD-5EA5530D2CD8}"
EndProject
Global
	GlobalSection(SolutionConfigurationPlatforms) = preSolution
		Debug|Any CPU = Debug|Any CPU
		Release|Any CPU = Release|Any CPU
	EndGlobalSection
	GlobalSection(ProjectConfigurationPlatforms) = postSolution
		{6AE55A41-E2C5-475E-9BBD-5EA5530D2CD8}.Debug|Any CPU.ActiveCfg = Debug|Any CPU
		{6AE55A41-E2C5-475E-9BBD-5EA5530D2CD8}.Debug|Any CPU.Build.0 = Debug|Any CPU
		{6AE55A41-E2C5-475E-9BBD-5EA5530D2CD8}.Release|Any CPU.ActiveCfg = Release|Any CPU
		{6AE55A41-E2C5-475E-9BBD-5EA5530D2CD8}.Release|Any CPU.Build.0 = Release|Any CPU
	EndGlobalSection
	GlobalSection(SolutionProperties) = preSolution
		HideSolutionNode = FALSE
	EndGlobalSection
	GlobalSection(ExtensibilityGlobals) = postSolution
		SolutionGuid = {EB09C50A-7A05-4FB8-8AD0-EC1FD416B0E8}
	EndGlobalSection
EndGlobal
