
Microsoft Visual Studio Solution File, Format Version 12.00
# Visual Studio Version 16
VisualStudioVersion = 16.0.28407.52
MinimumVisualStudioVersion = 10.0.40219.1
Project("{FAE04EC0-301F-11D3-BF4B-00C04F79EFBC}") = "datatypeapplication", "datatypeapplication\datatypeapplication.csproj", "{7D3C6912-FCD5-490A-BBF2-3449542CED5A}"
EndProject
Global
	GlobalSection(SolutionConfigurationPlatforms) = preSolution
		Debug|Any CPU = Debug|Any CPU
		Release|Any CPU = Release|Any CPU
	EndGlobalSection
	GlobalSection(ProjectConfigurationPlatforms) = postSolution
		{7D3C6912-FCD5-490A-BBF2-3449542CED5A}.Debug|Any CPU.ActiveCfg = Debug|Any CPU
		{7D3C6912-FCD5-490A-BBF2-3449542CED5A}.Debug|Any CPU.Build.0 = Debug|Any CPU
		{7D3C6912-FCD5-490A-BBF2-3449542CED5A}.Release|Any CPU.ActiveCfg = Release|Any CPU
		{7D3C6912-FCD5-490A-BBF2-3449542CED5A}.Release|Any CPU.Build.0 = Release|Any CPU
	EndGlobalSection
	GlobalSection(SolutionProperties) = preSolution
		HideSolutionNode = FALSE
	EndGlobalSection
	GlobalSection(ExtensibilityGlobals) = postSolution
		SolutionGuid = {F747A8B5-AEB9-4CFF-84DC-77F10D9D11AB}
	EndGlobalSection
EndGlobal
