
Microsoft Visual Studio Solution File, Format Version 12.00
# Visual Studio Version 16
VisualStudioVersion = 16.0.28606.126
MinimumVisualStudioVersion = 10.0.40219.1
Project("{FAE04EC0-301F-11D3-BF4B-00C04F79EFBC}") = "Days", "Days\Days.csproj", "{44A3E0C2-0785-4D2B-8F3D-829ED7265E9D}"
EndProject
Global
	GlobalSection(SolutionConfigurationPlatforms) = preSolution
		Debug|Any CPU = Debug|Any CPU
		Release|Any CPU = Release|Any CPU
	EndGlobalSection
	GlobalSection(ProjectConfigurationPlatforms) = postSolution
		{44A3E0C2-0785-4D2B-8F3D-829ED7265E9D}.Debug|Any CPU.ActiveCfg = Debug|Any CPU
		{44A3E0C2-0785-4D2B-8F3D-829ED7265E9D}.Debug|Any CPU.Build.0 = Debug|Any CPU
		{44A3E0C2-0785-4D2B-8F3D-829ED7265E9D}.Release|Any CPU.ActiveCfg = Release|Any CPU
		{44A3E0C2-0785-4D2B-8F3D-829ED7265E9D}.Release|Any CPU.Build.0 = Release|Any CPU
	EndGlobalSection
	GlobalSection(SolutionProperties) = preSolution
		HideSolutionNode = FALSE
	EndGlobalSection
	GlobalSection(ExtensibilityGlobals) = postSolution
		SolutionGuid = {3614522E-CCFE-4DD9-A2B0-3EA3F90BF017}
	EndGlobalSection
EndGlobal
