
Microsoft Visual Studio Solution File, Format Version 12.00
# Visual Studio Version 16
VisualStudioVersion = 16.0.28407.52
MinimumVisualStudioVersion = 10.0.40219.1
Project("{FAE04EC0-301F-11D3-BF4B-00C04F79EFBC}") = "DecisionMaking1", "DecisionMaking1\DecisionMaking1.csproj", "{97FAD3C7-4A60-44CC-B040-EEAF89AD8661}"
EndProject
Global
	GlobalSection(SolutionConfigurationPlatforms) = preSolution
		Debug|Any CPU = Debug|Any CPU
		Release|Any CPU = Release|Any CPU
	EndGlobalSection
	GlobalSection(ProjectConfigurationPlatforms) = postSolution
		{97FAD3C7-4A60-44CC-B040-EEAF89AD8661}.Debug|Any CPU.ActiveCfg = Debug|Any CPU
		{97FAD3C7-4A60-44CC-B040-EEAF89AD8661}.Debug|Any CPU.Build.0 = Debug|Any CPU
		{97FAD3C7-4A60-44CC-B040-EEAF89AD8661}.Release|Any CPU.ActiveCfg = Release|Any CPU
		{97FAD3C7-4A60-44CC-B040-EEAF89AD8661}.Release|Any CPU.Build.0 = Release|Any CPU
	EndGlobalSection
	GlobalSection(SolutionProperties) = preSolution
		HideSolutionNode = FALSE
	EndGlobalSection
	GlobalSection(ExtensibilityGlobals) = postSolution
		SolutionGuid = {DCFA3BDB-3AAA-4032-8EA1-98A32BA54B01}
	EndGlobalSection
EndGlobal
