
Microsoft Visual Studio Solution File, Format Version 12.00
# Visual Studio Version 16
VisualStudioVersion = 16.0.28606.126
MinimumVisualStudioVersion = 10.0.40219.1
Project("{FAE04EC0-301F-11D3-BF4B-00C04F79EFBC}") = "DelegateApp2", "DelegateApp2\DelegateApp2.csproj", "{0573D087-DA76-45FC-B324-B7A9FB18EFE5}"
EndProject
Global
	GlobalSection(SolutionConfigurationPlatforms) = preSolution
		Debug|Any CPU = Debug|Any CPU
		Release|Any CPU = Release|Any CPU
	EndGlobalSection
	GlobalSection(ProjectConfigurationPlatforms) = postSolution
		{0573D087-DA76-45FC-B324-B7A9FB18EFE5}.Debug|Any CPU.ActiveCfg = Debug|Any CPU
		{0573D087-DA76-45FC-B324-B7A9FB18EFE5}.Debug|Any CPU.Build.0 = Debug|Any CPU
		{0573D087-DA76-45FC-B324-B7A9FB18EFE5}.Release|Any CPU.ActiveCfg = Release|Any CPU
		{0573D087-DA76-45FC-B324-B7A9FB18EFE5}.Release|Any CPU.Build.0 = Release|Any CPU
	EndGlobalSection
	GlobalSection(SolutionProperties) = preSolution
		HideSolutionNode = FALSE
	EndGlobalSection
	GlobalSection(ExtensibilityGlobals) = postSolution
		SolutionGuid = {A32C3A84-8B8A-4CB4-9BF5-72D5A94E1B2B}
	EndGlobalSection
EndGlobal
