
Microsoft Visual Studio Solution File, Format Version 12.00
# Visual Studio Version 16
VisualStudioVersion = 16.0.28606.126
MinimumVisualStudioVersion = 10.0.40219.1
Project("{FAE04EC0-301F-11D3-BF4B-00C04F79EFBC}") = "DelegateAppl", "DelegateAppl\DelegateAppl.csproj", "{A0CC6185-2467-4D31-861A-7364A6EA7E1F}"
EndProject
Global
	GlobalSection(SolutionConfigurationPlatforms) = preSolution
		Debug|Any CPU = Debug|Any CPU
		Release|Any CPU = Release|Any CPU
	EndGlobalSection
	GlobalSection(ProjectConfigurationPlatforms) = postSolution
		{A0CC6185-2467-4D31-861A-7364A6EA7E1F}.Debug|Any CPU.ActiveCfg = Debug|Any CPU
		{A0CC6185-2467-4D31-861A-7364A6EA7E1F}.Debug|Any CPU.Build.0 = Debug|Any CPU
		{A0CC6185-2467-4D31-861A-7364A6EA7E1F}.Release|Any CPU.ActiveCfg = Release|Any CPU
		{A0CC6185-2467-4D31-861A-7364A6EA7E1F}.Release|Any CPU.Build.0 = Release|Any CPU
	EndGlobalSection
	GlobalSection(SolutionProperties) = preSolution
		HideSolutionNode = FALSE
	EndGlobalSection
	GlobalSection(ExtensibilityGlobals) = postSolution
		SolutionGuid = {578B45EB-C4CE-4063-91C1-52CA8DA0C9A0}
	EndGlobalSection
EndGlobal
