
Microsoft Visual Studio Solution File, Format Version 12.00
# Visual Studio Version 16
VisualStudioVersion = 16.0.28606.126
MinimumVisualStudioVersion = 10.0.40219.1
Project("{FAE04EC0-301F-11D3-BF4B-00C04F79EFBC}") = "example6", "example6\example6.csproj", "{ABE469C8-89AE-46E9-B529-13D62DBC21CE}"
EndProject
Global
	GlobalSection(SolutionConfigurationPlatforms) = preSolution
		Debug|Any CPU = Debug|Any CPU
		Release|Any CPU = Release|Any CPU
	EndGlobalSection
	GlobalSection(ProjectConfigurationPlatforms) = postSolution
		{ABE469C8-89AE-46E9-B529-13D62DBC21CE}.Debug|Any CPU.ActiveCfg = Debug|Any CPU
		{ABE469C8-89AE-46E9-B529-13D62DBC21CE}.Debug|Any CPU.Build.0 = Debug|Any CPU
		{ABE469C8-89AE-46E9-B529-13D62DBC21CE}.Release|Any CPU.ActiveCfg = Release|Any CPU
		{ABE469C8-89AE-46E9-B529-13D62DBC21CE}.Release|Any CPU.Build.0 = Release|Any CPU
	EndGlobalSection
	GlobalSection(SolutionProperties) = preSolution
		HideSolutionNode = FALSE
	EndGlobalSection
	GlobalSection(ExtensibilityGlobals) = postSolution
		SolutionGuid = {E5D289AE-DF4A-4F27-98D4-EF7C26576B8C}
	EndGlobalSection
EndGlobal
