
Microsoft Visual Studio Solution File, Format Version 12.00
# Visual Studio Version 16
VisualStudioVersion = 16.0.28606.126
MinimumVisualStudioVersion = 10.0.40219.1
Project("{FAE04EC0-301F-11D3-BF4B-00C04F79EFBC}") = "Exercise4", "Exercise4\Exercise4.csproj", "{6B8696D8-8302-44D4-9B20-B6B28AC23BBC}"
EndProject
Global
	GlobalSection(SolutionConfigurationPlatforms) = preSolution
		Debug|Any CPU = Debug|Any CPU
		Release|Any CPU = Release|Any CPU
	EndGlobalSection
	GlobalSection(ProjectConfigurationPlatforms) = postSolution
		{6B8696D8-8302-44D4-9B20-B6B28AC23BBC}.Debug|Any CPU.ActiveCfg = Debug|Any CPU
		{6B8696D8-8302-44D4-9B20-B6B28AC23BBC}.Debug|Any CPU.Build.0 = Debug|Any CPU
		{6B8696D8-8302-44D4-9B20-B6B28AC23BBC}.Release|Any CPU.ActiveCfg = Release|Any CPU
		{6B8696D8-8302-44D4-9B20-B6B28AC23BBC}.Release|Any CPU.Build.0 = Release|Any CPU
	EndGlobalSection
	GlobalSection(SolutionProperties) = preSolution
		HideSolutionNode = FALSE
	EndGlobalSection
	GlobalSection(ExtensibilityGlobals) = postSolution
		SolutionGuid = {5DED5EA3-A1C5-47B0-8F9D-27A9D502FA03}
	EndGlobalSection
EndGlobal
