
Microsoft Visual Studio Solution File, Format Version 12.00
# Visual Studio Version 16
VisualStudioVersion = 16.0.28606.126
MinimumVisualStudioVersion = 10.0.40219.1
Project("{FAE04EC0-301F-11D3-BF4B-00C04F79EFBC}") = "Exercise7", "Exercise7\Exercise7.csproj", "{44A8C63B-49E9-4887-8E3F-81251F668180}"
EndProject
Global
	GlobalSection(SolutionConfigurationPlatforms) = preSolution
		Debug|Any CPU = Debug|Any CPU
		Release|Any CPU = Release|Any CPU
	EndGlobalSection
	GlobalSection(ProjectConfigurationPlatforms) = postSolution
		{44A8C63B-49E9-4887-8E3F-81251F668180}.Debug|Any CPU.ActiveCfg = Debug|Any CPU
		{44A8C63B-49E9-4887-8E3F-81251F668180}.Debug|Any CPU.Build.0 = Debug|Any CPU
		{44A8C63B-49E9-4887-8E3F-81251F668180}.Release|Any CPU.ActiveCfg = Release|Any CPU
		{44A8C63B-49E9-4887-8E3F-81251F668180}.Release|Any CPU.Build.0 = Release|Any CPU
	EndGlobalSection
	GlobalSection(SolutionProperties) = preSolution
		HideSolutionNode = FALSE
	EndGlobalSection
	GlobalSection(ExtensibilityGlobals) = postSolution
		SolutionGuid = {DA1C8B8E-312F-4696-98B3-E282A107E4FF}
	EndGlobalSection
EndGlobal
