
Microsoft Visual Studio Solution File, Format Version 12.00
# Visual Studio Version 16
VisualStudioVersion = 16.0.28407.52
MinimumVisualStudioVersion = 10.0.40219.1
Project("{FAE04EC0-301F-11D3-BF4B-00C04F79EFBC}") = "internal", "internal\internal.csproj", "{56DCA83A-A2F1-4BDE-82BD-55856BF9CED3}"
EndProject
Global
	GlobalSection(SolutionConfigurationPlatforms) = preSolution
		Debug|Any CPU = Debug|Any CPU
		Release|Any CPU = Release|Any CPU
	EndGlobalSection
	GlobalSection(ProjectConfigurationPlatforms) = postSolution
		{56DCA83A-A2F1-4BDE-82BD-55856BF9CED3}.Debug|Any CPU.ActiveCfg = Debug|Any CPU
		{56DCA83A-A2F1-4BDE-82BD-55856BF9CED3}.Debug|Any CPU.Build.0 = Debug|Any CPU
		{56DCA83A-A2F1-4BDE-82BD-55856BF9CED3}.Release|Any CPU.ActiveCfg = Release|Any CPU
		{56DCA83A-A2F1-4BDE-82BD-55856BF9CED3}.Release|Any CPU.Build.0 = Release|Any CPU
	EndGlobalSection
	GlobalSection(SolutionProperties) = preSolution
		HideSolutionNode = FALSE
	EndGlobalSection
	GlobalSection(ExtensibilityGlobals) = postSolution
		SolutionGuid = {4EC4788E-83BF-4043-B918-2B5A6EAFF707}
	EndGlobalSection
EndGlobal
