
Microsoft Visual Studio Solution File, Format Version 12.00
# Visual Studio Version 16
VisualStudioVersion = 16.0.28531.58
MinimumVisualStudioVersion = 10.0.40219.1
Project("{FAE04EC0-301F-11D3-BF4B-00C04F79EFBC}") = "InterfaceApplication", "InterfaceApplication\InterfaceApplication.csproj", "{81907ED0-5B3F-47BF-919B-F745CD2687DA}"
EndProject
Global
	GlobalSection(SolutionConfigurationPlatforms) = preSolution
		Debug|Any CPU = Debug|Any CPU
		Release|Any CPU = Release|Any CPU
	EndGlobalSection
	GlobalSection(ProjectConfigurationPlatforms) = postSolution
		{81907ED0-5B3F-47BF-919B-F745CD2687DA}.Debug|Any CPU.ActiveCfg = Debug|Any CPU
		{81907ED0-5B3F-47BF-919B-F745CD2687DA}.Debug|Any CPU.Build.0 = Debug|Any CPU
		{81907ED0-5B3F-47BF-919B-F745CD2687DA}.Release|Any CPU.ActiveCfg = Release|Any CPU
		{81907ED0-5B3F-47BF-919B-F745CD2687DA}.Release|Any CPU.Build.0 = Release|Any CPU
	EndGlobalSection
	GlobalSection(SolutionProperties) = preSolution
		HideSolutionNode = FALSE
	EndGlobalSection
	GlobalSection(ExtensibilityGlobals) = postSolution
		SolutionGuid = {62A19C35-5492-4F2B-82A5-0CF72AA9964E}
	EndGlobalSection
EndGlobal
