
Microsoft Visual Studio Solution File, Format Version 12.00
# Visual Studio Version 16
VisualStudioVersion = 16.0.28606.126
MinimumVisualStudioVersion = 10.0.40219.1
Project("{FAE04EC0-301F-11D3-BF4B-00C04F79EFBC}") = "lamdaexpression7", "lamdaexpression7\lamdaexpression7.csproj", "{83F76ABA-E7C9-46D9-AE77-4E769CE39E08}"
EndProject
Global
	GlobalSection(SolutionConfigurationPlatforms) = preSolution
		Debug|Any CPU = Debug|Any CPU
		Release|Any CPU = Release|Any CPU
	EndGlobalSection
	GlobalSection(ProjectConfigurationPlatforms) = postSolution
		{83F76ABA-E7C9-46D9-AE77-4E769CE39E08}.Debug|Any CPU.ActiveCfg = Debug|Any CPU
		{83F76ABA-E7C9-46D9-AE77-4E769CE39E08}.Debug|Any CPU.Build.0 = Debug|Any CPU
		{83F76ABA-E7C9-46D9-AE77-4E769CE39E08}.Release|Any CPU.ActiveCfg = Release|Any CPU
		{83F76ABA-E7C9-46D9-AE77-4E769CE39E08}.Release|Any CPU.Build.0 = Release|Any CPU
	EndGlobalSection
	GlobalSection(SolutionProperties) = preSolution
		HideSolutionNode = FALSE
	EndGlobalSection
	GlobalSection(ExtensibilityGlobals) = postSolution
		SolutionGuid = {BAB3990E-CDF3-46A5-A0A3-BB50F4F62015}
	EndGlobalSection
EndGlobal
