
Microsoft Visual Studio Solution File, Format Version 12.00
# Visual Studio Version 16
VisualStudioVersion = 16.0.28531.58
MinimumVisualStudioVersion = 10.0.40219.1
Project("{FAE04EC0-301F-11D3-BF4B-00C04F79EFBC}") = "LineApplication2", "LineApplication2\LineApplication2.csproj", "{45776570-B1C4-4A10-BD0A-D6616DDADC83}"
EndProject
Global
	GlobalSection(SolutionConfigurationPlatforms) = preSolution
		Debug|Any CPU = Debug|Any CPU
		Release|Any CPU = Release|Any CPU
	EndGlobalSection
	GlobalSection(ProjectConfigurationPlatforms) = postSolution
		{45776570-B1C4-4A10-BD0A-D6616DDADC83}.Debug|Any CPU.ActiveCfg = Debug|Any CPU
		{45776570-B1C4-4A10-BD0A-D6616DDADC83}.Debug|Any CPU.Build.0 = Debug|Any CPU
		{45776570-B1C4-4A10-BD0A-D6616DDADC83}.Release|Any CPU.ActiveCfg = Release|Any CPU
		{45776570-B1C4-4A10-BD0A-D6616DDADC83}.Release|Any CPU.Build.0 = Release|Any CPU
	EndGlobalSection
	GlobalSection(SolutionProperties) = preSolution
		HideSolutionNode = FALSE
	EndGlobalSection
	GlobalSection(ExtensibilityGlobals) = postSolution
		SolutionGuid = {1183898C-9080-4A99-A3C9-4D3CDAD32E9C}
	EndGlobalSection
EndGlobal
