
Microsoft Visual Studio Solution File, Format Version 12.00
# Visual Studio Version 16
VisualStudioVersion = 16.0.28531.58
MinimumVisualStudioVersion = 10.0.40219.1
Project("{FAE04EC0-301F-11D3-BF4B-00C04F79EFBC}") = "LinkedListExample", "LinkedListExample\LinkedListExample.csproj", "{F5F7844F-6075-4296-BA03-FA7C48F97CFF}"
EndProject
Global
	GlobalSection(SolutionConfigurationPlatforms) = preSolution
		Debug|Any CPU = Debug|Any CPU
		Release|Any CPU = Release|Any CPU
	EndGlobalSection
	GlobalSection(ProjectConfigurationPlatforms) = postSolution
		{F5F7844F-6075-4296-BA03-FA7C48F97CFF}.Debug|Any CPU.ActiveCfg = Debug|Any CPU
		{F5F7844F-6075-4296-BA03-FA7C48F97CFF}.Debug|Any CPU.Build.0 = Debug|Any CPU
		{F5F7844F-6075-4296-BA03-FA7C48F97CFF}.Release|Any CPU.ActiveCfg = Release|Any CPU
		{F5F7844F-6075-4296-BA03-FA7C48F97CFF}.Release|Any CPU.Build.0 = Release|Any CPU
	EndGlobalSection
	GlobalSection(SolutionProperties) = preSolution
		HideSolutionNode = FALSE
	EndGlobalSection
	GlobalSection(ExtensibilityGlobals) = postSolution
		SolutionGuid = {77313531-A96B-4C49-A433-141E373B2208}
	EndGlobalSection
EndGlobal
