
Microsoft Visual Studio Solution File, Format Version 12.00
# Visual Studio Version 16
VisualStudioVersion = 16.0.28606.126
MinimumVisualStudioVersion = 10.0.40219.1
Project("{FAE04EC0-301F-11D3-BF4B-00C04F79EFBC}") = "MultithreadingApplication", "MultithreadingApplication\MultithreadingApplication.csproj", "{702EDB94-E0F9-49A1-B7B3-D1A92465EF78}"
EndProject
Global
	GlobalSection(SolutionConfigurationPlatforms) = preSolution
		Debug|Any CPU = Debug|Any CPU
		Release|Any CPU = Release|Any CPU
	EndGlobalSection
	GlobalSection(ProjectConfigurationPlatforms) = postSolution
		{702EDB94-E0F9-49A1-B7B3-D1A92465EF78}.Debug|Any CPU.ActiveCfg = Debug|Any CPU
		{702EDB94-E0F9-49A1-B7B3-D1A92465EF78}.Debug|Any CPU.Build.0 = Debug|Any CPU
		{702EDB94-E0F9-49A1-B7B3-D1A92465EF78}.Release|Any CPU.ActiveCfg = Release|Any CPU
		{702EDB94-E0F9-49A1-B7B3-D1A92465EF78}.Release|Any CPU.Build.0 = Release|Any CPU
	EndGlobalSection
	GlobalSection(SolutionProperties) = preSolution
		HideSolutionNode = FALSE
	EndGlobalSection
	GlobalSection(ExtensibilityGlobals) = postSolution
		SolutionGuid = {AEABC50F-E3EE-4785-8194-0181FAB350CB}
	EndGlobalSection
EndGlobal
