
Microsoft Visual Studio Solution File, Format Version 12.00
# Visual Studio Version 16
VisualStudioVersion = 16.0.28606.126
MinimumVisualStudioVersion = 10.0.40219.1
Project("{FAE04EC0-301F-11D3-BF4B-00C04F79EFBC}") = "MyThreadSleep", "MyThreadSleep\MyThreadSleep.csproj", "{348574EA-A971-4A2D-95BF-EEC05F2718C7}"
EndProject
Global
	GlobalSection(SolutionConfigurationPlatforms) = preSolution
		Debug|Any CPU = Debug|Any CPU
		Release|Any CPU = Release|Any CPU
	EndGlobalSection
	GlobalSection(ProjectConfigurationPlatforms) = postSolution
		{348574EA-A971-4A2D-95BF-EEC05F2718C7}.Debug|Any CPU.ActiveCfg = Debug|Any CPU
		{348574EA-A971-4A2D-95BF-EEC05F2718C7}.Debug|Any CPU.Build.0 = Debug|Any CPU
		{348574EA-A971-4A2D-95BF-EEC05F2718C7}.Release|Any CPU.ActiveCfg = Release|Any CPU
		{348574EA-A971-4A2D-95BF-EEC05F2718C7}.Release|Any CPU.Build.0 = Release|Any CPU
	EndGlobalSection
	GlobalSection(SolutionProperties) = preSolution
		HideSolutionNode = FALSE
	EndGlobalSection
	GlobalSection(ExtensibilityGlobals) = postSolution
		SolutionGuid = {D39ECA31-143D-48DA-89A6-0E1E41E7FCF0}
	EndGlobalSection
EndGlobal
