
Microsoft Visual Studio Solution File, Format Version 12.00
# Visual Studio Version 16
VisualStudioVersion = 16.0.28606.126
MinimumVisualStudioVersion = 10.0.40219.1
Project("{FAE04EC0-301F-11D3-BF4B-00C04F79EFBC}") = "ReflectionExample", "ReflectionExample\ReflectionExample.csproj", "{8AC12193-E647-4E12-BFDE-19547747A402}"
EndProject
Global
	GlobalSection(SolutionConfigurationPlatforms) = preSolution
		Debug|Any CPU = Debug|Any CPU
		Release|Any CPU = Release|Any CPU
	EndGlobalSection
	GlobalSection(ProjectConfigurationPlatforms) = postSolution
		{8AC12193-E647-4E12-BFDE-19547747A402}.Debug|Any CPU.ActiveCfg = Debug|Any CPU
		{8AC12193-E647-4E12-BFDE-19547747A402}.Debug|Any CPU.Build.0 = Debug|Any CPU
		{8AC12193-E647-4E12-BFDE-19547747A402}.Release|Any CPU.ActiveCfg = Release|Any CPU
		{8AC12193-E647-4E12-BFDE-19547747A402}.Release|Any CPU.Build.0 = Release|Any CPU
	EndGlobalSection
	GlobalSection(SolutionProperties) = preSolution
		HideSolutionNode = FALSE
	EndGlobalSection
	GlobalSection(ExtensibilityGlobals) = postSolution
		SolutionGuid = {75CB95DB-685C-4C7F-ACAA-3C805D9D1C2A}
	EndGlobalSection
EndGlobal
